
Microsoft Visual Studio Solution File, Format Version 12.00
# Visual Studio 15
Project("{FAE04EC0-301F-11D3-BF4B-00C04F79EFBC}") = "BatailleNavalGinier", "BatailleNavalGinier\BatailleNavalGinier.csproj", "{1A33D1E7-0520-43E2-8C4E-04490B35BEFF}"
EndProject
Global
	GlobalSection(SolutionConfigurationPlatforms) = preSolution
		Debug|Any CPU = Debug|Any CPU
		Release|Any CPU = Release|Any CPU
	EndGlobalSection
	GlobalSection(ProjectConfigurationPlatforms) = postSolution
		{1A33D1E7-0520-43E2-8C4E-04490B35BEFF}.Debug|Any CPU.ActiveCfg = Debug|Any CPU
		{1A33D1E7-0520-43E2-8C4E-04490B35BEFF}.Debug|Any CPU.Build.0 = Debug|Any CPU
		{1A33D1E7-0520-43E2-8C4E-04490B35BEFF}.Release|Any CPU.ActiveCfg = Release|Any CPU
		{1A33D1E7-0520-43E2-8C4E-04490B35BEFF}.Release|Any CPU.Build.0 = Release|Any CPU
	EndGlobalSection
EndGlobal
